{
    "name": "purescript-cardano-types",
    "lockfileVersion": 2,
    "requires": true,
    "packages": {
        "": {
            "name": "purescript-cardano-types",
            "dependencies": {
                "@mlabs-haskell/cardano-serialization-lib-gc": "github:mlabs-haskell/cardano-serialization-lib-gc#dshuiski/conway",
                "@mlabs-haskell/json-bigint": "^2.0.0"
            }
        },
        "node_modules/@emurgo/cardano-serialization-lib-browser": {
            "version": "12.0.0-alpha.30",
            "resolved": "https://registry.npmjs.org/@emurgo/cardano-serialization-lib-browser/-/cardano-serialization-lib-browser-12.0.0-alpha.30.tgz",
            "integrity": "sha512-QFqTTTPXMnUlNnjkQasgZjTdBQeUA4Gch3Gn+6EcLV82Cg92YP1+ShEMmughKNdtCbgqZ8gEzSb5iXPeEiCAaA=="
        },
        "node_modules/@emurgo/cardano-serialization-lib-nodejs": {
            "version": "12.0.0-alpha.30",
            "resolved": "https://registry.npmjs.org/@emurgo/cardano-serialization-lib-nodejs/-/cardano-serialization-lib-nodejs-12.0.0-alpha.30.tgz",
            "integrity": "sha512-ZJW9+H4tK7SpJhdxGJqT3xo0n2Yk8vI3aoWln7E/Dp8FDxvSZtPM+tLUnqQdqodyd7d5OXpiIZ64/5xFpbFTWQ=="
        },
        "node_modules/@mlabs-haskell/cardano-serialization-lib-gc": {
            "version": "1.0.10",
            "resolved": "git+ssh://git@github.com/mlabs-haskell/cardano-serialization-lib-gc.git#23d84667f8baf7aed24c3448e52916be4151e008",
            "license": "ISC",
            "dependencies": {
                "@emurgo/cardano-serialization-lib-browser": "^12.0.0-alpha.30",
                "@emurgo/cardano-serialization-lib-nodejs": "^12.0.0-alpha.30",
                "@mlabs-haskell/csl-gc-wrapper": "^1.0.2"
            }
        },
        "node_modules/@mlabs-haskell/csl-gc-wrapper": {
            "version": "1.0.2",
            "resolved": "https://registry.npmjs.org/@mlabs-haskell/csl-gc-wrapper/-/csl-gc-wrapper-1.0.2.tgz",
            "integrity": "sha512-jyASltvC/ZVzpMUgbIkIaCLc56uGqymCPnieLkgIMWPhzcRoAxEfshjYONyxPY5XIl0NdIQXjbppXFoPQMk0VQ=="
        },
        "node_modules/@mlabs-haskell/json-bigint": {
            "version": "2.0.0",
            "resolved": "https://registry.npmjs.org/@mlabs-haskell/json-bigint/-/json-bigint-2.0.0.tgz",
            "integrity": "sha512-JX9TON+nZbt+1TJ5MNV1Gcpxp3/m56x1/glDwzGtydrzQzyZbKg4XFw9Frib6fh89YVqjSFJ9xmVeIyDJ5DxTQ=="
        }
    },
    "dependencies": {
        "@emurgo/cardano-serialization-lib-browser": {
            "version": "12.0.0-alpha.30",
            "resolved": "https://registry.npmjs.org/@emurgo/cardano-serialization-lib-browser/-/cardano-serialization-lib-browser-12.0.0-alpha.30.tgz",
            "integrity": "sha512-QFqTTTPXMnUlNnjkQasgZjTdBQeUA4Gch3Gn+6EcLV82Cg92YP1+ShEMmughKNdtCbgqZ8gEzSb5iXPeEiCAaA=="
        },
        "@emurgo/cardano-serialization-lib-nodejs": {
            "version": "12.0.0-alpha.30",
            "resolved": "https://registry.npmjs.org/@emurgo/cardano-serialization-lib-nodejs/-/cardano-serialization-lib-nodejs-12.0.0-alpha.30.tgz",
            "integrity": "sha512-ZJW9+H4tK7SpJhdxGJqT3xo0n2Yk8vI3aoWln7E/Dp8FDxvSZtPM+tLUnqQdqodyd7d5OXpiIZ64/5xFpbFTWQ=="
        },
        "@mlabs-haskell/cardano-serialization-lib-gc": {
            "version": "git+ssh://git@github.com/mlabs-haskell/cardano-serialization-lib-gc.git#23d84667f8baf7aed24c3448e52916be4151e008",
            "from": "@mlabs-haskell/cardano-serialization-lib-gc@github:mlabs-haskell/cardano-serialization-lib-gc#dshuiski/conway",
            "requires": {
                "@emurgo/cardano-serialization-lib-browser": "^12.0.0-alpha.30",
                "@emurgo/cardano-serialization-lib-nodejs": "^12.0.0-alpha.30",
                "@mlabs-haskell/csl-gc-wrapper": "^1.0.2"
            }
        },
        "@mlabs-haskell/csl-gc-wrapper": {
            "version": "1.0.2",
            "resolved": "https://registry.npmjs.org/@mlabs-haskell/csl-gc-wrapper/-/csl-gc-wrapper-1.0.2.tgz",
            "integrity": "sha512-jyASltvC/ZVzpMUgbIkIaCLc56uGqymCPnieLkgIMWPhzcRoAxEfshjYONyxPY5XIl0NdIQXjbppXFoPQMk0VQ=="
        },
        "@mlabs-haskell/json-bigint": {
            "version": "2.0.0",
            "resolved": "https://registry.npmjs.org/@mlabs-haskell/json-bigint/-/json-bigint-2.0.0.tgz",
            "integrity": "sha512-JX9TON+nZbt+1TJ5MNV1Gcpxp3/m56x1/glDwzGtydrzQzyZbKg4XFw9Frib6fh89YVqjSFJ9xmVeIyDJ5DxTQ=="
        }
    }
}
