{
    "name": "purescript-cardano-types",
    "lockfileVersion": 2,
    "requires": true,
    "packages": {
        "": {
            "name": "purescript-cardano-types",
            "dependencies": {
                "@mlabs-haskell/cardano-data-lite": "https://github.com/mlabs-haskell/cardano-data-lite.git#01274415829dc56d3b136b33c27d614a5e53e71f",
                "@mlabs-haskell/json-bigint": "^2.0.0"
            }
        },
        "node_modules/@aws-crypto/crc32": {
            "version": "5.2.0",
            "resolved": "https://registry.npmjs.org/@aws-crypto/crc32/-/crc32-5.2.0.tgz",
            "integrity": "sha512-nLbCWqQNgUiwwtFsen1AdzAtvuLRsQS8rYgMuxCrdKf9kOssamGLuPwyTY9wyYblNr9+1XM8v6zoDTPPSIeANg==",
            "license": "Apache-2.0",
            "dependencies": {
                "@aws-crypto/util": "^5.2.0",
                "@aws-sdk/types": "^3.222.0",
                "tslib": "^2.6.2"
            },
            "engines": {
                "node": ">=16.0.0"
            }
        },
        "node_modules/@aws-crypto/util": {
            "version": "5.2.0",
            "resolved": "https://registry.npmjs.org/@aws-crypto/util/-/util-5.2.0.tgz",
            "integrity": "sha512-4RkU9EsI6ZpBve5fseQlGNUWKMa1RLPQ1dnjnQoe07ldfIzcsGb5hC5W0Dm7u423KWzawlrpbjXBrXCEv9zazQ==",
            "license": "Apache-2.0",
            "dependencies": {
                "@aws-sdk/types": "^3.222.0",
                "@smithy/util-utf8": "^2.0.0",
                "tslib": "^2.6.2"
            }
        },
        "node_modules/@aws-sdk/types": {
            "version": "3.696.0",
            "resolved": "https://registry.npmjs.org/@aws-sdk/types/-/types-3.696.0.tgz",
            "integrity": "sha512-9rTvUJIAj5d3//U5FDPWGJ1nFJLuWb30vugGOrWk7aNZ6y9tuA3PI7Cc9dP8WEXKVyK1vuuk8rSFP2iqXnlgrw==",
            "license": "Apache-2.0",
            "dependencies": {
                "@smithy/types": "^3.7.1",
                "tslib": "^2.6.2"
            },
            "engines": {
                "node": ">=16.0.0"
            }
        },
        "node_modules/@mlabs-haskell/cardano-data-lite": {
            "version": "1.0.0",
            "resolved": "git+ssh://git@github.com/mlabs-haskell/cardano-data-lite.git#01274415829dc56d3b136b33c27d614a5e53e71f",
            "integrity": "sha512-kx4Yorgjr8op9L7jJagI8yWm5Xg1+v1fOZb9NwbvxjPGTTqFOthGAaSWzGyZQap4yZThSmIVK1RrVBfRh4jV3w==",
            "license": "ISC",
            "dependencies": {
                "@aws-crypto/crc32": "^5.2.0",
                "@noble/ed25519": "^2.1.0",
                "@noble/hashes": "^1.5.0",
                "base58-js": "^2.0.0",
                "bech32": "^2.0.0",
                "tweetnacl": "^1.0.3"
            }
        },
        "node_modules/@mlabs-haskell/json-bigint": {
            "version": "2.0.0",
            "resolved": "https://registry.npmjs.org/@mlabs-haskell/json-bigint/-/json-bigint-2.0.0.tgz",
            "integrity": "sha512-JX9TON+nZbt+1TJ5MNV1Gcpxp3/m56x1/glDwzGtydrzQzyZbKg4XFw9Frib6fh89YVqjSFJ9xmVeIyDJ5DxTQ=="
        },
        "node_modules/@noble/ed25519": {
            "version": "2.1.0",
            "resolved": "https://registry.npmjs.org/@noble/ed25519/-/ed25519-2.1.0.tgz",
            "integrity": "sha512-KM4qTyXPinyCgMzeYJH/UudpdL+paJXtY3CHtHYZQtBkS8MZoPr4rOikZllIutJe0d06QDQKisyn02gxZ8TcQA==",
            "license": "MIT",
            "funding": {
                "url": "https://paulmillr.com/funding/"
            }
        },
        "node_modules/@noble/hashes": {
            "version": "1.6.1",
            "resolved": "https://registry.npmjs.org/@noble/hashes/-/hashes-1.6.1.tgz",
            "integrity": "sha512-pq5D8h10hHBjyqX+cfBm0i8JUXJ0UhczFc4r74zbuT9XgewFo2E3J1cOaGtdZynILNmQ685YWGzGE1Zv6io50w==",
            "license": "MIT",
            "engines": {
                "node": "^14.21.3 || >=16"
            },
            "funding": {
                "url": "https://paulmillr.com/funding/"
            }
        },
        "node_modules/@smithy/is-array-buffer": {
            "version": "2.2.0",
            "resolved": "https://registry.npmjs.org/@smithy/is-array-buffer/-/is-array-buffer-2.2.0.tgz",
            "integrity": "sha512-GGP3O9QFD24uGeAXYUjwSTXARoqpZykHadOmA8G5vfJPK0/DC67qa//0qvqrJzL1xc8WQWX7/yc7fwudjPHPhA==",
            "license": "Apache-2.0",
            "dependencies": {
                "tslib": "^2.6.2"
            },
            "engines": {
                "node": ">=14.0.0"
            }
        },
        "node_modules/@smithy/types": {
            "version": "3.7.2",
            "resolved": "https://registry.npmjs.org/@smithy/types/-/types-3.7.2.tgz",
            "integrity": "sha512-bNwBYYmN8Eh9RyjS1p2gW6MIhSO2rl7X9QeLM8iTdcGRP+eDiIWDt66c9IysCc22gefKszZv+ubV9qZc7hdESg==",
            "license": "Apache-2.0",
            "dependencies": {
                "tslib": "^2.6.2"
            },
            "engines": {
                "node": ">=16.0.0"
            }
        },
        "node_modules/@smithy/util-buffer-from": {
            "version": "2.2.0",
            "resolved": "https://registry.npmjs.org/@smithy/util-buffer-from/-/util-buffer-from-2.2.0.tgz",
            "integrity": "sha512-IJdWBbTcMQ6DA0gdNhh/BwrLkDR+ADW5Kr1aZmd4k3DIF6ezMV4R2NIAmT08wQJ3yUK82thHWmC/TnK/wpMMIA==",
            "license": "Apache-2.0",
            "dependencies": {
                "@smithy/is-array-buffer": "^2.2.0",
                "tslib": "^2.6.2"
            },
            "engines": {
                "node": ">=14.0.0"
            }
        },
        "node_modules/@smithy/util-utf8": {
            "version": "2.3.0",
            "resolved": "https://registry.npmjs.org/@smithy/util-utf8/-/util-utf8-2.3.0.tgz",
            "integrity": "sha512-R8Rdn8Hy72KKcebgLiv8jQcQkXoLMOGGv5uI1/k0l+snqkOzQ1R0ChUBCxWMlBsFMekWjq0wRudIweFs7sKT5A==",
            "license": "Apache-2.0",
            "dependencies": {
                "@smithy/util-buffer-from": "^2.2.0",
                "tslib": "^2.6.2"
            },
            "engines": {
                "node": ">=14.0.0"
            }
        },
        "node_modules/base58-js": {
            "version": "2.0.0",
            "resolved": "https://registry.npmjs.org/base58-js/-/base58-js-2.0.0.tgz",
            "integrity": "sha512-nAV5d32QXuGcGptSApkKpC1gGakWBnfJMNjKrYTBh4tb0szfZF+ooueFLy8T4VrY+o4SrE/TyrtUnRZcwZchaA==",
            "license": "MIT",
            "engines": {
                "node": ">= 8"
            }
        },
        "node_modules/bech32": {
            "version": "2.0.0",
            "resolved": "https://registry.npmjs.org/bech32/-/bech32-2.0.0.tgz",
            "integrity": "sha512-LcknSilhIGatDAsY1ak2I8VtGaHNhgMSYVxFrGLXv+xLHytaKZKcaUJJUE7qmBr7h33o5YQwP55pMI0xmkpJwg==",
            "license": "MIT"
        },
        "node_modules/tslib": {
            "version": "2.8.1",
            "resolved": "https://registry.npmjs.org/tslib/-/tslib-2.8.1.tgz",
            "integrity": "sha512-oJFu94HQb+KVduSUQL7wnpmqnfmLsOA/nAh6b6EH0wCEoK0/mPeXU6c3wKDV83MkOuHPRHtSXKKU99IBazS/2w==",
            "license": "0BSD"
        },
        "node_modules/tweetnacl": {
            "version": "1.0.3",
            "resolved": "https://registry.npmjs.org/tweetnacl/-/tweetnacl-1.0.3.tgz",
            "integrity": "sha512-6rt+RN7aOi1nGMyC4Xa5DdYiukl2UWCbcJft7YhxReBGQD7OAM8Pbxw6YMo4r2diNEA8FEmu32YOn9rhaiE5yw==",
            "license": "Unlicense"
        }
    },
    "dependencies": {
        "@aws-crypto/crc32": {
            "version": "5.2.0",
            "resolved": "https://registry.npmjs.org/@aws-crypto/crc32/-/crc32-5.2.0.tgz",
            "integrity": "sha512-nLbCWqQNgUiwwtFsen1AdzAtvuLRsQS8rYgMuxCrdKf9kOssamGLuPwyTY9wyYblNr9+1XM8v6zoDTPPSIeANg==",
            "requires": {
                "@aws-crypto/util": "^5.2.0",
                "@aws-sdk/types": "^3.222.0",
                "tslib": "^2.6.2"
            }
        },
        "@aws-crypto/util": {
            "version": "5.2.0",
            "resolved": "https://registry.npmjs.org/@aws-crypto/util/-/util-5.2.0.tgz",
            "integrity": "sha512-4RkU9EsI6ZpBve5fseQlGNUWKMa1RLPQ1dnjnQoe07ldfIzcsGb5hC5W0Dm7u423KWzawlrpbjXBrXCEv9zazQ==",
            "requires": {
                "@aws-sdk/types": "^3.222.0",
                "@smithy/util-utf8": "^2.0.0",
                "tslib": "^2.6.2"
            }
        },
        "@aws-sdk/types": {
            "version": "3.696.0",
            "resolved": "https://registry.npmjs.org/@aws-sdk/types/-/types-3.696.0.tgz",
            "integrity": "sha512-9rTvUJIAj5d3//U5FDPWGJ1nFJLuWb30vugGOrWk7aNZ6y9tuA3PI7Cc9dP8WEXKVyK1vuuk8rSFP2iqXnlgrw==",
            "requires": {
                "@smithy/types": "^3.7.1",
                "tslib": "^2.6.2"
            }
        },
        "@mlabs-haskell/cardano-data-lite": {
            "version": "git+ssh://git@github.com/mlabs-haskell/cardano-data-lite.git#01274415829dc56d3b136b33c27d614a5e53e71f",
            "integrity": "sha512-kx4Yorgjr8op9L7jJagI8yWm5Xg1+v1fOZb9NwbvxjPGTTqFOthGAaSWzGyZQap4yZThSmIVK1RrVBfRh4jV3w==",
            "from": "@mlabs-haskell/cardano-data-lite@https://github.com/mlabs-haskell/cardano-data-lite.git#01274415829dc56d3b136b33c27d614a5e53e71f",
            "requires": {
                "@aws-crypto/crc32": "^5.2.0",
                "@noble/ed25519": "^2.1.0",
                "@noble/hashes": "^1.5.0",
                "base58-js": "^2.0.0",
                "bech32": "^2.0.0",
                "tweetnacl": "^1.0.3"
            }
        },
        "@mlabs-haskell/json-bigint": {
            "version": "2.0.0",
            "resolved": "https://registry.npmjs.org/@mlabs-haskell/json-bigint/-/json-bigint-2.0.0.tgz",
            "integrity": "sha512-JX9TON+nZbt+1TJ5MNV1Gcpxp3/m56x1/glDwzGtydrzQzyZbKg4XFw9Frib6fh89YVqjSFJ9xmVeIyDJ5DxTQ=="
        },
        "@noble/ed25519": {
            "version": "2.1.0",
            "resolved": "https://registry.npmjs.org/@noble/ed25519/-/ed25519-2.1.0.tgz",
            "integrity": "sha512-KM4qTyXPinyCgMzeYJH/UudpdL+paJXtY3CHtHYZQtBkS8MZoPr4rOikZllIutJe0d06QDQKisyn02gxZ8TcQA=="
        },
        "@noble/hashes": {
            "version": "1.6.1",
            "resolved": "https://registry.npmjs.org/@noble/hashes/-/hashes-1.6.1.tgz",
            "integrity": "sha512-pq5D8h10hHBjyqX+cfBm0i8JUXJ0UhczFc4r74zbuT9XgewFo2E3J1cOaGtdZynILNmQ685YWGzGE1Zv6io50w=="
        },
        "@smithy/is-array-buffer": {
            "version": "2.2.0",
            "resolved": "https://registry.npmjs.org/@smithy/is-array-buffer/-/is-array-buffer-2.2.0.tgz",
            "integrity": "sha512-GGP3O9QFD24uGeAXYUjwSTXARoqpZykHadOmA8G5vfJPK0/DC67qa//0qvqrJzL1xc8WQWX7/yc7fwudjPHPhA==",
            "requires": {
                "tslib": "^2.6.2"
            }
        },
        "@smithy/types": {
            "version": "3.7.2",
            "resolved": "https://registry.npmjs.org/@smithy/types/-/types-3.7.2.tgz",
            "integrity": "sha512-bNwBYYmN8Eh9RyjS1p2gW6MIhSO2rl7X9QeLM8iTdcGRP+eDiIWDt66c9IysCc22gefKszZv+ubV9qZc7hdESg==",
            "requires": {
                "tslib": "^2.6.2"
            }
        },
        "@smithy/util-buffer-from": {
            "version": "2.2.0",
            "resolved": "https://registry.npmjs.org/@smithy/util-buffer-from/-/util-buffer-from-2.2.0.tgz",
            "integrity": "sha512-IJdWBbTcMQ6DA0gdNhh/BwrLkDR+ADW5Kr1aZmd4k3DIF6ezMV4R2NIAmT08wQJ3yUK82thHWmC/TnK/wpMMIA==",
            "requires": {
                "@smithy/is-array-buffer": "^2.2.0",
                "tslib": "^2.6.2"
            }
        },
        "@smithy/util-utf8": {
            "version": "2.3.0",
            "resolved": "https://registry.npmjs.org/@smithy/util-utf8/-/util-utf8-2.3.0.tgz",
            "integrity": "sha512-R8Rdn8Hy72KKcebgLiv8jQcQkXoLMOGGv5uI1/k0l+snqkOzQ1R0ChUBCxWMlBsFMekWjq0wRudIweFs7sKT5A==",
            "requires": {
                "@smithy/util-buffer-from": "^2.2.0",
                "tslib": "^2.6.2"
            }
        },
        "base58-js": {
            "version": "2.0.0",
            "resolved": "https://registry.npmjs.org/base58-js/-/base58-js-2.0.0.tgz",
            "integrity": "sha512-nAV5d32QXuGcGptSApkKpC1gGakWBnfJMNjKrYTBh4tb0szfZF+ooueFLy8T4VrY+o4SrE/TyrtUnRZcwZchaA=="
        },
        "bech32": {
            "version": "2.0.0",
            "resolved": "https://registry.npmjs.org/bech32/-/bech32-2.0.0.tgz",
            "integrity": "sha512-LcknSilhIGatDAsY1ak2I8VtGaHNhgMSYVxFrGLXv+xLHytaKZKcaUJJUE7qmBr7h33o5YQwP55pMI0xmkpJwg=="
        },
        "tslib": {
            "version": "2.8.1",
            "resolved": "https://registry.npmjs.org/tslib/-/tslib-2.8.1.tgz",
            "integrity": "sha512-oJFu94HQb+KVduSUQL7wnpmqnfmLsOA/nAh6b6EH0wCEoK0/mPeXU6c3wKDV83MkOuHPRHtSXKKU99IBazS/2w=="
        },
        "tweetnacl": {
            "version": "1.0.3",
            "resolved": "https://registry.npmjs.org/tweetnacl/-/tweetnacl-1.0.3.tgz",
            "integrity": "sha512-6rt+RN7aOi1nGMyC4Xa5DdYiukl2UWCbcJft7YhxReBGQD7OAM8Pbxw6YMo4r2diNEA8FEmu32YOn9rhaiE5yw=="
        }
    }
}
